
Microsoft Visual Studio Solution File, Format Version 12.00
# Visual Studio 15
VisualStudioVersion = 15.0.28307.1259
MinimumVisualStudioVersion = 10.0.40219.1
Project("{FAE04EC0-301F-11D3-BF4B-00C04F79EFBC}") = "P21", "P21\P21.csproj", "{3BA2CC5A-F18F-404A-B973-F3A3D46E66DD}"
EndProject
Global
	GlobalSection(SolutionConfigurationPlatforms) = preSolution
		Debug|Any CPU = Debug|Any CPU
		Release|Any CPU = Release|Any CPU
	EndGlobalSection
	GlobalSection(ProjectConfigurationPlatforms) = postSolution
		{3BA2CC5A-F18F-404A-B973-F3A3D46E66DD}.Debug|Any CPU.ActiveCfg = Debug|Any CPU
		{3BA2CC5A-F18F-404A-B973-F3A3D46E66DD}.Debug|Any CPU.Build.0 = Debug|Any CPU
		{3BA2CC5A-F18F-404A-B973-F3A3D46E66DD}.Release|Any CPU.ActiveCfg = Release|Any CPU
		{3BA2CC5A-F18F-404A-B973-F3A3D46E66DD}.Release|Any CPU.Build.0 = Release|Any CPU
	EndGlobalSection
	GlobalSection(SolutionProperties) = preSolution
		HideSolutionNode = FALSE
	EndGlobalSection
	GlobalSection(ExtensibilityGlobals) = postSolution
		SolutionGuid = {78612C1F-42E0-4931-B4A8-CA1B475654B0}
	EndGlobalSection
EndGlobal
