
Microsoft Visual Studio Solution File, Format Version 12.00
# Visual Studio 15
VisualStudioVersion = 15.0.28307.1259
MinimumVisualStudioVersion = 10.0.40219.1
Project("{FAE04EC0-301F-11D3-BF4B-00C04F79EFBC}") = "P10", "P10\P10.csproj", "{12424B13-EB5C-447F-88B3-E67074149836}"
EndProject
Global
	GlobalSection(SolutionConfigurationPlatforms) = preSolution
		Debug|Any CPU = Debug|Any CPU
		Release|Any CPU = Release|Any CPU
	EndGlobalSection
	GlobalSection(ProjectConfigurationPlatforms) = postSolution
		{12424B13-EB5C-447F-88B3-E67074149836}.Debug|Any CPU.ActiveCfg = Debug|Any CPU
		{12424B13-EB5C-447F-88B3-E67074149836}.Debug|Any CPU.Build.0 = Debug|Any CPU
		{12424B13-EB5C-447F-88B3-E67074149836}.Release|Any CPU.ActiveCfg = Release|Any CPU
		{12424B13-EB5C-447F-88B3-E67074149836}.Release|Any CPU.Build.0 = Release|Any CPU
	EndGlobalSection
	GlobalSection(SolutionProperties) = preSolution
		HideSolutionNode = FALSE
	EndGlobalSection
	GlobalSection(ExtensibilityGlobals) = postSolution
		SolutionGuid = {A7464B42-B77B-47B9-97A1-1DA0D7513F74}
	EndGlobalSection
EndGlobal
