
Microsoft Visual Studio Solution File, Format Version 12.00
# Visual Studio 15
VisualStudioVersion = 15.0.28307.1259
MinimumVisualStudioVersion = 10.0.40219.1
Project("{FAE04EC0-301F-11D3-BF4B-00C04F79EFBC}") = "P15", "P15\P15.csproj", "{7EDA242A-7656-4192-B81A-ED63DCCC2BB3}"
EndProject
Global
	GlobalSection(SolutionConfigurationPlatforms) = preSolution
		Debug|Any CPU = Debug|Any CPU
		Release|Any CPU = Release|Any CPU
	EndGlobalSection
	GlobalSection(ProjectConfigurationPlatforms) = postSolution
		{7EDA242A-7656-4192-B81A-ED63DCCC2BB3}.Debug|Any CPU.ActiveCfg = Debug|Any CPU
		{7EDA242A-7656-4192-B81A-ED63DCCC2BB3}.Debug|Any CPU.Build.0 = Debug|Any CPU
		{7EDA242A-7656-4192-B81A-ED63DCCC2BB3}.Release|Any CPU.ActiveCfg = Release|Any CPU
		{7EDA242A-7656-4192-B81A-ED63DCCC2BB3}.Release|Any CPU.Build.0 = Release|Any CPU
	EndGlobalSection
	GlobalSection(SolutionProperties) = preSolution
		HideSolutionNode = FALSE
	EndGlobalSection
	GlobalSection(ExtensibilityGlobals) = postSolution
		SolutionGuid = {60F3BF6D-B768-4EB0-9A20-AA89B473A221}
	EndGlobalSection
EndGlobal
