
Microsoft Visual Studio Solution File, Format Version 12.00
# Visual Studio 15
VisualStudioVersion = 15.0.28307.1259
MinimumVisualStudioVersion = 10.0.40219.1
Project("{FAE04EC0-301F-11D3-BF4B-00C04F79EFBC}") = "P9", "P9\P9.csproj", "{3AF4B63D-FB3E-4555-AD8B-F1B23C9641C7}"
EndProject
Global
	GlobalSection(SolutionConfigurationPlatforms) = preSolution
		Debug|Any CPU = Debug|Any CPU
		Release|Any CPU = Release|Any CPU
	EndGlobalSection
	GlobalSection(ProjectConfigurationPlatforms) = postSolution
		{3AF4B63D-FB3E-4555-AD8B-F1B23C9641C7}.Debug|Any CPU.ActiveCfg = Debug|Any CPU
		{3AF4B63D-FB3E-4555-AD8B-F1B23C9641C7}.Debug|Any CPU.Build.0 = Debug|Any CPU
		{3AF4B63D-FB3E-4555-AD8B-F1B23C9641C7}.Release|Any CPU.ActiveCfg = Release|Any CPU
		{3AF4B63D-FB3E-4555-AD8B-F1B23C9641C7}.Release|Any CPU.Build.0 = Release|Any CPU
	EndGlobalSection
	GlobalSection(SolutionProperties) = preSolution
		HideSolutionNode = FALSE
	EndGlobalSection
	GlobalSection(ExtensibilityGlobals) = postSolution
		SolutionGuid = {F9B6DD17-E9E9-46C9-9794-B086B9F4C553}
	EndGlobalSection
EndGlobal
